
Microsoft Visual Studio Solution File, Format Version 12.00
# Visual Studio Version 16
VisualStudioVersion = 16.0.30523.141
MinimumVisualStudioVersion = 10.0.40219.1
Project("{FAE04EC0-301F-11D3-BF4B-00C04F79EFBC}") = "HCI_Alpha", "HCI_Alpha\HCI_Alpha.csproj", "{B26EDAC1-6ADE-45B8-AB72-AEE8FBC091ED}"
EndProject
Global
	GlobalSection(SolutionConfigurationPlatforms) = preSolution
		Debug|Any CPU = Debug|Any CPU
		Release|Any CPU = Release|Any CPU
	EndGlobalSection
	GlobalSection(ProjectConfigurationPlatforms) = postSolution
		{B26EDAC1-6ADE-45B8-AB72-AEE8FBC091ED}.Debug|Any CPU.ActiveCfg = Debug|Any CPU
		{B26EDAC1-6ADE-45B8-AB72-AEE8FBC091ED}.Debug|Any CPU.Build.0 = Debug|Any CPU
		{B26EDAC1-6ADE-45B8-AB72-AEE8FBC091ED}.Release|Any CPU.ActiveCfg = Release|Any CPU
		{B26EDAC1-6ADE-45B8-AB72-AEE8FBC091ED}.Release|Any CPU.Build.0 = Release|Any CPU
	EndGlobalSection
	GlobalSection(SolutionProperties) = preSolution
		HideSolutionNode = FALSE
	EndGlobalSection
	GlobalSection(ExtensibilityGlobals) = postSolution
		SolutionGuid = {A1121970-5035-40DE-9AC7-82AFF0EF1528}
	EndGlobalSection
EndGlobal
